
Microsoft Visual Studio Solution File, Format Version 12.00
# Visual Studio Version 17
VisualStudioVersion = 17.3.32819.101
MinimumVisualStudioVersion = 10.0.40219.1
Project("{FAE04EC0-301F-11D3-BF4B-00C04F79EFBC}") = "ProduceAndDistributeTest", "ProduceAndDistributeTest\ProduceAndDistributeTest.csproj", "{90C9FBCE-E30A-45DC-953E-5FE35C1BB478}"
EndProject
Global
	GlobalSection(SolutionConfigurationPlatforms) = preSolution
		Debug|Any CPU = Debug|Any CPU
		Release|Any CPU = Release|Any CPU
	EndGlobalSection
	GlobalSection(ProjectConfigurationPlatforms) = postSolution
		{90C9FBCE-E30A-45DC-953E-5FE35C1BB478}.Debug|Any CPU.ActiveCfg = Debug|Any CPU
		{90C9FBCE-E30A-45DC-953E-5FE35C1BB478}.Debug|Any CPU.Build.0 = Debug|Any CPU
		{90C9FBCE-E30A-45DC-953E-5FE35C1BB478}.Release|Any CPU.ActiveCfg = Release|Any CPU
		{90C9FBCE-E30A-45DC-953E-5FE35C1BB478}.Release|Any CPU.Build.0 = Release|Any CPU
	EndGlobalSection
	GlobalSection(SolutionProperties) = preSolution
		HideSolutionNode = FALSE
	EndGlobalSection
	GlobalSection(ExtensibilityGlobals) = postSolution
		SolutionGuid = {4ECB3F4C-8E38-48D1-99BF-3161939B3D01}
	EndGlobalSection
EndGlobal
